{
  "name": "family-sync-webapp",
  "lockfileVersion": 3,
  "requires": true,
  "packages": {
    "": {
      "dependencies": {
        "@schedule-x/calendar-controls": "^3.6.0"
      }
    },
    "node_modules/@schedule-x/calendar-controls": {
      "version": "3.6.0",
      "resolved": "https://registry.npmjs.org/@schedule-x/calendar-controls/-/calendar-controls-3.6.0.tgz",
      "integrity": "sha512-tJ6Q/v7vEZ7aXR4VFfqgFMaT9wi3VEfau+8ze/e846e9ak9g1mpoJFaj97c78E9tRsmwCM3Tty70UNUY7Q/dhA==",
      "license": "MIT"
    }
  }
}
